// !$*UTF8*$!
{
	archiveVersion = 1;
	classes = {
	};
	objectVersion = 50;
	objects = {

/* Begin PBXBuildFile section */
		BD008A11216A26FE00AD6D40 /* GoogleService-Info-3.plist in Resources */ = {isa = PBXBuildFile; fileRef = BD008A10216A26FE00AD6D40 /* GoogleService-Info-3.plist */; };
		BD008A14216A293700AD6D40 /* LoginVC.swift in Sources */ = {isa = PBXBuildFile; fileRef = BD008A13216A293700AD6D40 /* LoginVC.swift */; };
		BD008A16216A294500AD6D40 /* RegisterVC.swift in Sources */ = {isa = PBXBuildFile; fileRef = BD008A15216A294500AD6D40 /* RegisterVC.swift */; };
		BD24ED87216924B900A83683 /* AppDelegate.swift in Sources */ = {isa = PBXBuildFile; fileRef = BD24ED86216924B900A83683 /* AppDelegate.swift */; };
		BD24ED89216924B900A83683 /* ViewController.swift in Sources */ = {isa = PBXBuildFile; fileRef = BD24ED88216924B900A83683 /* ViewController.swift */; };
		BD24ED8C216924B900A83683 /* Main.storyboard in Resources */ = {isa = PBXBuildFile; fileRef = BD24ED8A216924B900A83683 /* Main.storyboard */; };
		BD24ED8E216924BD00A83683 /* Assets.xcassets in Resources */ = {isa = PBXBuildFile; fileRef = BD24ED8D216924BD00A83683 /* Assets.xcassets */; };
		BD24ED91216924BD00A83683 /* LaunchScreen.storyboard in Resources */ = {isa = PBXBuildFile; fileRef = BD24ED8F216924BD00A83683 /* LaunchScreen.storyboard */; };
/* End PBXBuildFile section */

/* Begin PBXFileReference section */
		BD008A10216A26FE00AD6D40 /* GoogleService-Info-3.plist */ = {isa = PBXFileReference; fileEncoding = 4; lastKnownFileType = text.plist.xml; name = "GoogleService-Info-3.plist"; path = "../../../Downloads/GoogleService-Info-3.plist"; sourceTree = "<group>"; };
		BD008A13216A293700AD6D40 /* LoginVC.swift */ = {isa = PBXFileReference; lastKnownFileType = sourcecode.swift; path = LoginVC.swift; sourceTree = "<group>"; };
		BD008A15216A294500AD6D40 /* RegisterVC.swift */ = {isa = PBXFileReference; lastKnownFileType = sourcecode.swift; path = RegisterVC.swift; sourceTree = "<group>"; };
		BD24ED83216924B900A83683 /* CreatorsClub.app */ = {isa = PBXFileReference; explicitFileType = wrapper.application; includeInIndex = 0; path = CreatorsClub.app; sourceTree = BUILT_PRODUCTS_DIR; };
		BD24ED86216924B900A83683 /* AppDelegate.swift */ = {isa = PBXFileReference; lastKnownFileType = sourcecode.swift; path = AppDelegate.swift; sourceTree = "<group>"; };
		BD24ED88216924B900A83683 /* ViewController.swift */ = {isa = PBXFileReference; lastKnownFileType = sourcecode.swift; path = ViewController.swift; sourceTree = "<group>"; };
		BD24ED8B216924B900A83683 /* Base */ = {isa = PBXFileReference; lastKnownFileType = file.storyboard; name = Base; path = Base.lproj/Main.storyboard; sourceTree = "<group>"; };
		BD24ED8D216924BD00A83683 /* Assets.xcassets */ = {isa = PBXFileReference; lastKnownFileType = folder.assetcatalog; path = Assets.xcassets; sourceTree = "<group>"; };
		BD24ED90216924BD00A83683 /* Base */ = {isa = PBXFileReference; lastKnownFileType = file.storyboard; name = Base; path = Base.lproj/LaunchScreen.storyboard; sourceTree = "<group>"; };
		BD24ED92216924BD00A83683 /* Info.plist */ = {isa = PBXFileReference; lastKnownFileType = text.plist.xml; path = Info.plist; sourceTree = "<group>"; };
/* End PBXFileReference section */

/* Begin PBXFrameworksBuildPhase section */
		BD24ED80216924B900A83683 /* Frameworks */ = {
			isa = PBXFrameworksBuildPhase;
			buildActionMask = 2147483647;
			files = (
			);
			runOnlyForDeploymentPostprocessing = 0;
		};
/* End PBXFrameworksBuildPhase section */

/* Begin PBXGroup section */
		BD008A0C216A26BC00AD6D40 /* Model */ = {
			isa = PBXGroup;
			children = (
			);
			path = Model;
			sourceTree = "<group>";
		};
		BD008A0D216A26CC00AD6D40 /* Controller */ = {
			isa = PBXGroup;
			children = (
				BD24ED88216924B900A83683 /* ViewController.swift */,
				BD008A13216A293700AD6D40 /* LoginVC.swift */,
				BD008A15216A294500AD6D40 /* RegisterVC.swift */,
			);
			path = Controller;
			sourceTree = "<group>";
		};
		BD008A0E216A26D200AD6D40 /* View */ = {
			isa = PBXGroup;
			children = (
				BD24ED8A216924B900A83683 /* Main.storyboard */,
				BD24ED8F216924BD00A83683 /* LaunchScreen.storyboard */,
			);
			path = View;
			sourceTree = "<group>";
		};
		BD008A0F216A26D700AD6D40 /* Service */ = {
			isa = PBXGroup;
			children = (
			);
			path = Service;
			sourceTree = "<group>";
		};
		BD008A12216A270E00AD6D40 /* Assets */ = {
			isa = PBXGroup;
			children = (
				BD24ED8D216924BD00A83683 /* Assets.xcassets */,
			);
			path = Assets;
			sourceTree = "<group>";
		};
		BD24ED7A216924B900A83683 = {
			isa = PBXGroup;
			children = (
				BD24ED85216924B900A83683 /* CreatorsClub */,
				BD24ED84216924B900A83683 /* Products */,
				BD008A10216A26FE00AD6D40 /* GoogleService-Info-3.plist */,
			);
			sourceTree = "<group>";
		};
		BD24ED84216924B900A83683 /* Products */ = {
			isa = PBXGroup;
			children = (
				BD24ED83216924B900A83683 /* CreatorsClub.app */,
			);
			name = Products;
			sourceTree = "<group>";
		};
		BD24ED85216924B900A83683 /* CreatorsClub */ = {
			isa = PBXGroup;
			children = (
				BD008A12216A270E00AD6D40 /* Assets */,
				BD008A0F216A26D700AD6D40 /* Service */,
				BD008A0E216A26D200AD6D40 /* View */,
				BD008A0D216A26CC00AD6D40 /* Controller */,
				BD008A0C216A26BC00AD6D40 /* Model */,
				BD24ED86216924B900A83683 /* AppDelegate.swift */,
				BD24ED92216924BD00A83683 /* Info.plist */,
			);
			path = CreatorsClub;
			sourceTree = "<group>";
		};
/* End PBXGroup section */

/* Begin PBXNativeTarget section */
		BD24ED82216924B900A83683 /* CreatorsClub */ = {
			isa = PBXNativeTarget;
			buildConfigurationList = BD24ED95216924BD00A83683 /* Build configuration list for PBXNativeTarget "CreatorsClub" */;
			buildPhases = (
				BD24ED7F216924B900A83683 /* Sources */,
				BD24ED80216924B900A83683 /* Frameworks */,
				BD24ED81216924B900A83683 /* Resources */,
			);
			buildRules = (
			);
			dependencies = (
			);
			name = CreatorsClub;
			productName = CreatorsClub;
			productReference = BD24ED83216924B900A83683 /* CreatorsClub.app */;
			productType = "com.apple.product-type.application";
		};
/* End PBXNativeTarget section */

/* Begin PBXProject section */
		BD24ED7B216924B900A83683 /* Project object */ = {
			isa = PBXProject;
			attributes = {
				LastSwiftUpdateCheck = 1000;
				LastUpgradeCheck = 1000;
				ORGANIZATIONNAME = "Bartłomiej Tabor";
				TargetAttributes = {
					BD24ED82216924B900A83683 = {
						CreatedOnToolsVersion = 10.0;
					};
				};
			};
			buildConfigurationList = BD24ED7E216924B900A83683 /* Build configuration list for PBXProject "CreatorsClub" */;
			compatibilityVersion = "Xcode 9.3";
			developmentRegion = en;
			hasScannedForEncodings = 0;
			knownRegions = (
				en,
				Base,
			);
			mainGroup = BD24ED7A216924B900A83683;
			productRefGroup = BD24ED84216924B900A83683 /* Products */;
			projectDirPath = "";
			projectRoot = "";
			targets = (
				BD24ED82216924B900A83683 /* CreatorsClub */,
			);
		};
/* End PBXProject section */

/* Begin PBXResourcesBuildPhase section */
		BD24ED81216924B900A83683 /* Resources */ = {
			isa = PBXResourcesBuildPhase;
			buildActionMask = 2147483647;
			files = (
				BD24ED91216924BD00A83683 /* LaunchScreen.storyboard in Resources */,
				BD24ED8E216924BD00A83683 /* Assets.xcassets in Resources */,
				BD24ED8C216924B900A83683 /* Main.storyboard in Resources */,
				BD008A11216A26FE00AD6D40 /* GoogleService-Info-3.plist in Resources */,
			);
			runOnlyForDeploymentPostprocessing = 0;
		};
/* End PBXResourcesBuildPhase section */

/* Begin PBXSourcesBuildPhase section */
		BD24ED7F216924B900A83683 /* Sources */ = {
			isa = PBXSourcesBuildPhase;
			buildActionMask = 2147483647;
			files = (
				BD24ED89216924B900A83683 /* ViewController.swift in Sources */,
				BD008A16216A294500AD6D40 /* RegisterVC.swift in Sources */,
				BD24ED87216924B900A83683 /* AppDelegate.swift in Sources */,
				BD008A14216A293700AD6D40 /* LoginVC.swift in Sources */,
			);
			runOnlyForDeploymentPostprocessing = 0;
		};
/* End PBXSourcesBuildPhase section */

/* Begin PBXVariantGroup section */
		BD24ED8A216924B900A83683 /* Main.storyboard */ = {
			isa = PBXVariantGroup;
			children = (
				BD24ED8B216924B900A83683 /* Base */,
			);
			name = Main.storyboard;
			sourceTree = "<group>";
		};
		BD24ED8F216924BD00A83683 /* LaunchScreen.storyboard */ = {
			isa = PBXVariantGroup;
			children = (
				BD24ED90216924BD00A83683 /* Base */,
			);
			name = LaunchScreen.storyboard;
			sourceTree = "<group>";
		};
/* End PBXVariantGroup section */

/* Begin XCBuildConfiguration section */
		BD24ED93216924BD00A83683 /* Debug */ = {
			isa = XCBuildConfiguration;
			buildSettings = {
				ALWAYS_SEARCH_USER_PATHS = NO;
				CLANG_ANALYZER_NONNULL = YES;
				CLANG_ANALYZER_NUMBER_OBJECT_CONVERSION = YES_AGGRESSIVE;
				CLANG_CXX_LANGUAGE_STANDARD = "gnu++14";
				CLANG_CXX_LIBRARY = "libc++";
				CLANG_ENABLE_MODULES = YES;
				CLANG_ENABLE_OBJC_ARC = YES;
				CLANG_ENABLE_OBJC_WEAK = YES;
				CLANG_WARN_BLOCK_CAPTURE_AUTORELEASING = YES;
				CLANG_WARN_BOOL_CONVERSION = YES;
				CLANG_WARN_COMMA = YES;
				CLANG_WARN_CONSTANT_CONVERSION = YES;
				CLANG_WARN_DEPRECATED_OBJC_IMPLEMENTATIONS = YES;
				CLANG_WARN_DIRECT_OBJC_ISA_USAGE = YES_ERROR;
				CLANG_WARN_DOCUMENTATION_COMMENTS = YES;
				CLANG_WARN_EMPTY_BODY = YES;
				CLANG_WARN_ENUM_CONVERSION = YES;
				CLANG_WARN_INFINITE_RECURSION = YES;
				CLANG_WARN_INT_CONVERSION = YES;
				CLANG_WARN_NON_LITERAL_NULL_CONVERSION = YES;
				CLANG_WARN_OBJC_IMPLICIT_RETAIN_SELF = YES;
				CLANG_WARN_OBJC_LITERAL_CONVERSION = YES;
				CLANG_WARN_OBJC_ROOT_CLASS = YES_ERROR;
				CLANG_WARN_RANGE_LOOP_ANALYSIS = YES;
				CLANG_WARN_STRICT_PROTOTYPES = YES;
				CLANG_WARN_SUSPICIOUS_MOVE = YES;
				CLANG_WARN_UNGUARDED_AVAILABILITY = YES_AGGRESSIVE;
				CLANG_WARN_UNREACHABLE_CODE = YES;
				CLANG_WARN__DUPLICATE_METHOD_MATCH = YES;
				CODE_SIGN_IDENTITY = "iPhone Developer";
				COPY_PHASE_STRIP = NO;
				DEBUG_INFORMATION_FORMAT = dwarf;
				ENABLE_STRICT_OBJC_MSGSEND = YES;
				ENABLE_TESTABILITY = YES;
				GCC_C_LANGUAGE_STANDARD = gnu11;
				GCC_DYNAMIC_NO_PIC = NO;
				GCC_NO_COMMON_BLOCKS = YES;
				GCC_OPTIMIZATION_LEVEL = 0;
				GCC_PREPROCESSOR_DEFINITIONS = (
					"DEBUG=1",
					"$(inherited)",
				);
				GCC_WARN_64_TO_32_BIT_CONVERSION = YES;
				GCC_WARN_ABOUT_RETURN_TYPE = YES_ERROR;
				GCC_WARN_UNDECLARED_SELECTOR = YES;
				GCC_WARN_UNINITIALIZED_AUTOS = YES_AGGRESSIVE;
				GCC_WARN_UNUSED_FUNCTION = YES;
				GCC_WARN_UNUSED_VARIABLE = YES;
				IPHONEOS_DEPLOYMENT_TARGET = 12.0;
				MTL_ENABLE_DEBUG_INFO = INCLUDE_SOURCE;
				MTL_FAST_MATH = YES;
				ONLY_ACTIVE_ARCH = YES;
				SDKROOT = iphoneos;
				SWIFT_ACTIVE_COMPILATION_CONDITIONS = DEBUG;
				SWIFT_OPTIMIZATION_LEVEL = "-Onone";
			};
			name = Debug;
		};
		BD24ED94216924BD00A83683 /* Release */ = {
			isa = XCBuildConfiguration;
			buildSettings = {
				ALWAYS_SEARCH_USER_PATHS = NO;
				CLANG_ANALYZER_NONNULL = YES;
				CLANG_ANALYZER_NUMBER_OBJECT_CONVERSION = YES_AGGRESSIVE;
				CLANG_CXX_LANGUAGE_STANDARD = "gnu++14";
				CLANG_CXX_LIBRARY = "libc++";
				CLANG_ENABLE_MODULES = YES;
				CLANG_ENABLE_OBJC_ARC = YES;
				CLANG_ENABLE_OBJC_WEAK = YES;
				CLANG_WARN_BLOCK_CAPTURE_AUTORELEASING = YES;
				CLANG_WARN_BOOL_CONVERSION = YES;
				CLANG_WARN_COMMA = YES;
				CLANG_WARN_CONSTANT_CONVERSION = YES;
				CLANG_WARN_DEPRECATED_OBJC_IMPLEMENTATIONS = YES;
				CLANG_WARN_DIRECT_OBJC_ISA_USAGE = YES_ERROR;
				CLANG_WARN_DOCUMENTATION_COMMENTS = YES;
				CLANG_WARN_EMPTY_BODY = YES;
				CLANG_WARN_ENUM_CONVERSION = YES;
				CLANG_WARN_INFINITE_RECURSION = YES;
				CLANG_WARN_INT_CONVERSION = YES;
				CLANG_WARN_NON_LITERAL_NULL_CONVERSION = YES;
				CLANG_WARN_OBJC_IMPLICIT_RETAIN_SELF = YES;
				CLANG_WARN_OBJC_LITERAL_CONVERSION = YES;
				CLANG_WARN_OBJC_ROOT_CLASS = YES_ERROR;
				CLANG_WARN_RANGE_LOOP_ANALYSIS = YES;
				CLANG_WARN_STRICT_PROTOTYPES = YES;
				CLANG_WARN_SUSPICIOUS_MOVE = YES;
				CLANG_WARN_UNGUARDED_AVAILABILITY = YES_AGGRESSIVE;
				CLANG_WARN_UNREACHABLE_CODE = YES;
				CLANG_WARN__DUPLICATE_METHOD_MATCH = YES;
				CODE_SIGN_IDENTITY = "iPhone Developer";
				COPY_PHASE_STRIP = NO;
				DEBUG_INFORMATION_FORMAT = "dwarf-with-dsym";
				ENABLE_NS_ASSERTIONS = NO;
				ENABLE_STRICT_OBJC_MSGSEND = YES;
				GCC_C_LANGUAGE_STANDARD = gnu11;
				GCC_NO_COMMON_BLOCKS = YES;
				GCC_WARN_64_TO_32_BIT_CONVERSION = YES;
				GCC_WARN_ABOUT_RETURN_TYPE = YES_ERROR;
				GCC_WARN_UNDECLARED_SELECTOR = YES;
				GCC_WARN_UNINITIALIZED_AUTOS = YES_AGGRESSIVE;
				GCC_WARN_UNUSED_FUNCTION = YES;
				GCC_WARN_UNUSED_VARIABLE = YES;
				IPHONEOS_DEPLOYMENT_TARGET = 12.0;
				MTL_ENABLE_DEBUG_INFO = NO;
				MTL_FAST_MATH = YES;
				SDKROOT = iphoneos;
				SWIFT_COMPILATION_MODE = wholemodule;
				SWIFT_OPTIMIZATION_LEVEL = "-O";
				VALIDATE_PRODUCT = YES;
			};
			name = Release;
		};
		BD24ED96216924BD00A83683 /* Debug */ = {
			isa = XCBuildConfiguration;
			buildSettings = {
				ASSETCATALOG_COMPILER_APPICON_NAME = AppIcon;
				CODE_SIGN_STYLE = Automatic;
				DEVELOPMENT_TEAM = LAM4MAM28Y;
				INFOPLIST_FILE = CreatorsClub/Info.plist;
				LD_RUNPATH_SEARCH_PATHS = (
					"$(inherited)",
					"@executable_path/Frameworks",
				);
				PRODUCT_BUNDLE_IDENTIFIER = robat.CreatorsClub2;
				PRODUCT_NAME = "$(TARGET_NAME)";
				SWIFT_VERSION = 4.2;
				TARGETED_DEVICE_FAMILY = "1,2";
			};
			name = Debug;
		};
		BD24ED97216924BD00A83683 /* Release */ = {
			isa = XCBuildConfiguration;
			buildSettings = {
				ASSETCATALOG_COMPILER_APPICON_NAME = AppIcon;
				CODE_SIGN_STYLE = Automatic;
				DEVELOPMENT_TEAM = LAM4MAM28Y;
				INFOPLIST_FILE = CreatorsClub/Info.plist;
				LD_RUNPATH_SEARCH_PATHS = (
					"$(inherited)",
					"@executable_path/Frameworks",
				);
				PRODUCT_BUNDLE_IDENTIFIER = robat.CreatorsClub2;
				PRODUCT_NAME = "$(TARGET_NAME)";
				SWIFT_VERSION = 4.2;
				TARGETED_DEVICE_FAMILY = "1,2";
			};
			name = Release;
		};
/* End XCBuildConfiguration section */

/* Begin XCConfigurationList section */
		BD24ED7E216924B900A83683 /* Build configuration list for PBXProject "CreatorsClub" */ = {
			isa = XCConfigurationList;
			buildConfigurations = (
				BD24ED93216924BD00A83683 /* Debug */,
				BD24ED94216924BD00A83683 /* Release */,
			);
			defaultConfigurationIsVisible = 0;
			defaultConfigurationName = Release;
		};
		BD24ED95216924BD00A83683 /* Build configuration list for PBXNativeTarget "CreatorsClub" */ = {
			isa = XCConfigurationList;
			buildConfigurations = (
				BD24ED96216924BD00A83683 /* Debug */,
				BD24ED97216924BD00A83683 /* Release */,
			);
			defaultConfigurationIsVisible = 0;
			defaultConfigurationName = Release;
		};
/* End XCConfigurationList section */
	};
	rootObject = BD24ED7B216924B900A83683 /* Project object */;
}
